// !$*UTF8*$!
{
	archiveVersion = 1;
	classes = {
	};
	objectVersion = 56;
	objects = {

/* Begin PBXBuildFile section */
		B4117BC82B34C7AD006F4377 /* WeatherRadiusApp.swift in Sources */ = {isa = PBXBuildFile; fileRef = B4117BC72B34C7AD006F4377 /* WeatherRadiusApp.swift */; };
		B4117BCA2B34C7AD006F4377 /* ContentView.swift in Sources */ = {isa = PBXBuildFile; fileRef = B4117BC92B34C7AD006F4377 /* ContentView.swift */; };
		B4117BCC2B34C7AE006F4377 /* Assets.xcassets in Resources */ = {isa = PBXBuildFile; fileRef = B4117BCB2B34C7AE006F4377 /* Assets.xcassets */; };
		B4117BCF2B34C7AE006F4377 /* Preview Assets.xcassets in Resources */ = {isa = PBXBuildFile; fileRef = B4117BCE2B34C7AE006F4377 /* Preview Assets.xcassets */; };
		B4117BD92B34C7AE006F4377 /* WeatherRadiusTests.swift in Sources */ = {isa = PBXBuildFile; fileRef = B4117BD82B34C7AE006F4377 /* WeatherRadiusTests.swift */; };
		B4117BE32B34C7AE006F4377 /* WeatherRadiusUITests.swift in Sources */ = {isa = PBXBuildFile; fileRef = B4117BE22B34C7AE006F4377 /* WeatherRadiusUITests.swift */; };
		B4117BE52B34C7AE006F4377 /* WeatherRadiusUITestsLaunchTests.swift in Sources */ = {isa = PBXBuildFile; fileRef = B4117BE42B34C7AE006F4377 /* WeatherRadiusUITestsLaunchTests.swift */; };
		B4117BF62B35E81D006F4377 /* Response.swift in Sources */ = {isa = PBXBuildFile; fileRef = B4117BF52B35E81D006F4377 /* Response.swift */; };
		B4117BFB2B35EC6C006F4377 /* Datastore.swift in Sources */ = {isa = PBXBuildFile; fileRef = B4117BFA2B35EC6C006F4377 /* Datastore.swift */; };
		B4117BFD2B35EE1B006F4377 /* MemoryDatastore.swift in Sources */ = {isa = PBXBuildFile; fileRef = B4117BFC2B35EE1B006F4377 /* MemoryDatastore.swift */; };
		B4117BFF2B35EEE2006F4377 /* FileDatastore.swift in Sources */ = {isa = PBXBuildFile; fileRef = B4117BFE2B35EEE2006F4377 /* FileDatastore.swift */; };
		B4117C022B35F1ED006F4377 /* NetworkProvider.swift in Sources */ = {isa = PBXBuildFile; fileRef = B4117C012B35F1ED006F4377 /* NetworkProvider.swift */; };
		B4117C042B35F249006F4377 /* NetworkError.swift in Sources */ = {isa = PBXBuildFile; fileRef = B4117C032B35F249006F4377 /* NetworkError.swift */; };
		B4117C062B35F292006F4377 /* BasicNetwork.swift in Sources */ = {isa = PBXBuildFile; fileRef = B4117C052B35F292006F4377 /* BasicNetwork.swift */; };
		B4117C0C2B372CF0006F4377 /* Settings.swift in Sources */ = {isa = PBXBuildFile; fileRef = B4117C0B2B372CF0006F4377 /* Settings.swift */; };
		B4117C0F2B372E66006F4377 /* SettingsDatastore.swift in Sources */ = {isa = PBXBuildFile; fileRef = B4117C0E2B372E66006F4377 /* SettingsDatastore.swift */; };
		B4117C112B372EE8006F4377 /* MainSettingsDatastore.swift in Sources */ = {isa = PBXBuildFile; fileRef = B4117C102B372EE8006F4377 /* MainSettingsDatastore.swift */; };
		B4117C142B372FF6006F4377 /* SettingsRepository.swift in Sources */ = {isa = PBXBuildFile; fileRef = B4117C132B372FF6006F4377 /* SettingsRepository.swift */; };
		B4117C162B37304E006F4377 /* MainSettingsRepository.swift in Sources */ = {isa = PBXBuildFile; fileRef = B4117C152B37304E006F4377 /* MainSettingsRepository.swift */; };
		B4117C182B3730DF006F4377 /* SettingsDependencyContainer.swift in Sources */ = {isa = PBXBuildFile; fileRef = B4117C172B3730DF006F4377 /* SettingsDependencyContainer.swift */; };
		B4117C1A2B3731C8006F4377 /* AppDependencyContainer.swift in Sources */ = {isa = PBXBuildFile; fileRef = B4117C192B3731C8006F4377 /* AppDependencyContainer.swift */; };
		B4117C1F2B3732EE006F4377 /* WeatherSettingsProvider.swift in Sources */ = {isa = PBXBuildFile; fileRef = B4117C1E2B3732EE006F4377 /* WeatherSettingsProvider.swift */; };
		B4117C212B373699006F4377 /* WeatherSettings.swift in Sources */ = {isa = PBXBuildFile; fileRef = B4117C202B373699006F4377 /* WeatherSettings.swift */; };
		B4117C232B3737BA006F4377 /* WeatherDependencyContainer.swift in Sources */ = {isa = PBXBuildFile; fileRef = B4117C222B3737BA006F4377 /* WeatherDependencyContainer.swift */; };
		B4117C252B432784006F4377 /* WeatherConditions.swift in Sources */ = {isa = PBXBuildFile; fileRef = B4117C242B432784006F4377 /* WeatherConditions.swift */; };
		B4117C272B43300A006F4377 /* WeatherAPIKeyProvider.swift in Sources */ = {isa = PBXBuildFile; fileRef = B4117C262B43300A006F4377 /* WeatherAPIKeyProvider.swift */; };
		B4117C292B4330EA006F4377 /* WeatherService.swift in Sources */ = {isa = PBXBuildFile; fileRef = B4117C282B4330EA006F4377 /* WeatherService.swift */; };
		B4117C2B2B43317E006F4377 /* WeatherError.swift in Sources */ = {isa = PBXBuildFile; fileRef = B4117C2A2B43317E006F4377 /* WeatherError.swift */; };
		B4117C2D2B445F16006F4377 /* OpenWeatherMapService.swift in Sources */ = {isa = PBXBuildFile; fileRef = B4117C2C2B445F16006F4377 /* OpenWeatherMapService.swift */; };
		B4117C2F2B4484BD006F4377 /* WeatherCacheDurationProvider.swift in Sources */ = {isa = PBXBuildFile; fileRef = B4117C2E2B4484BD006F4377 /* WeatherCacheDurationProvider.swift */; };
		B4117C332B448663006F4377 /* WeatherDatastore.swift in Sources */ = {isa = PBXBuildFile; fileRef = B4117C322B448663006F4377 /* WeatherDatastore.swift */; };
		B4117C352B4488EA006F4377 /* MainWeatherDatastore.swift in Sources */ = {isa = PBXBuildFile; fileRef = B4117C342B4488EA006F4377 /* MainWeatherDatastore.swift */; };
		B4117C372B448A51006F4377 /* WeatherRepository.swift in Sources */ = {isa = PBXBuildFile; fileRef = B4117C362B448A51006F4377 /* WeatherRepository.swift */; };
		B4117C392B448C10006F4377 /* MainWeatherRepository.swift in Sources */ = {isa = PBXBuildFile; fileRef = B4117C382B448C10006F4377 /* MainWeatherRepository.swift */; };
/* End PBXBuildFile section */

/* Begin PBXContainerItemProxy section */
		B4117BD52B34C7AE006F4377 /* PBXContainerItemProxy */ = {
			isa = PBXContainerItemProxy;
			containerPortal = B4117BBC2B34C7AD006F4377 /* Project object */;
			proxyType = 1;
			remoteGlobalIDString = B4117BC32B34C7AD006F4377;
			remoteInfo = WeatherRadius;
		};
		B4117BDF2B34C7AE006F4377 /* PBXContainerItemProxy */ = {
			isa = PBXContainerItemProxy;
			containerPortal = B4117BBC2B34C7AD006F4377 /* Project object */;
			proxyType = 1;
			remoteGlobalIDString = B4117BC32B34C7AD006F4377;
			remoteInfo = WeatherRadius;
		};
/* End PBXContainerItemProxy section */

/* Begin PBXFileReference section */
		B4117BC42B34C7AD006F4377 /* WeatherRadius.app */ = {isa = PBXFileReference; explicitFileType = wrapper.application; includeInIndex = 0; path = WeatherRadius.app; sourceTree = BUILT_PRODUCTS_DIR; };
		B4117BC72B34C7AD006F4377 /* WeatherRadiusApp.swift */ = {isa = PBXFileReference; lastKnownFileType = sourcecode.swift; path = WeatherRadiusApp.swift; sourceTree = "<group>"; };
		B4117BC92B34C7AD006F4377 /* ContentView.swift */ = {isa = PBXFileReference; lastKnownFileType = sourcecode.swift; path = ContentView.swift; sourceTree = "<group>"; };
		B4117BCB2B34C7AE006F4377 /* Assets.xcassets */ = {isa = PBXFileReference; lastKnownFileType = folder.assetcatalog; path = Assets.xcassets; sourceTree = "<group>"; };
		B4117BCE2B34C7AE006F4377 /* Preview Assets.xcassets */ = {isa = PBXFileReference; lastKnownFileType = folder.assetcatalog; path = "Preview Assets.xcassets"; sourceTree = "<group>"; };
		B4117BD42B34C7AE006F4377 /* WeatherRadiusTests.xctest */ = {isa = PBXFileReference; explicitFileType = wrapper.cfbundle; includeInIndex = 0; path = WeatherRadiusTests.xctest; sourceTree = BUILT_PRODUCTS_DIR; };
		B4117BD82B34C7AE006F4377 /* WeatherRadiusTests.swift */ = {isa = PBXFileReference; lastKnownFileType = sourcecode.swift; path = WeatherRadiusTests.swift; sourceTree = "<group>"; };
		B4117BDE2B34C7AE006F4377 /* WeatherRadiusUITests.xctest */ = {isa = PBXFileReference; explicitFileType = wrapper.cfbundle; includeInIndex = 0; path = WeatherRadiusUITests.xctest; sourceTree = BUILT_PRODUCTS_DIR; };
		B4117BE22B34C7AE006F4377 /* WeatherRadiusUITests.swift */ = {isa = PBXFileReference; lastKnownFileType = sourcecode.swift; path = WeatherRadiusUITests.swift; sourceTree = "<group>"; };
		B4117BE42B34C7AE006F4377 /* WeatherRadiusUITestsLaunchTests.swift */ = {isa = PBXFileReference; lastKnownFileType = sourcecode.swift; path = WeatherRadiusUITestsLaunchTests.swift; sourceTree = "<group>"; };
		B4117BF52B35E81D006F4377 /* Response.swift */ = {isa = PBXFileReference; lastKnownFileType = sourcecode.swift; path = Response.swift; sourceTree = "<group>"; };
		B4117BFA2B35EC6C006F4377 /* Datastore.swift */ = {isa = PBXFileReference; lastKnownFileType = sourcecode.swift; path = Datastore.swift; sourceTree = "<group>"; };
		B4117BFC2B35EE1B006F4377 /* MemoryDatastore.swift */ = {isa = PBXFileReference; lastKnownFileType = sourcecode.swift; path = MemoryDatastore.swift; sourceTree = "<group>"; };
		B4117BFE2B35EEE2006F4377 /* FileDatastore.swift */ = {isa = PBXFileReference; lastKnownFileType = sourcecode.swift; path = FileDatastore.swift; sourceTree = "<group>"; };
		B4117C012B35F1ED006F4377 /* NetworkProvider.swift */ = {isa = PBXFileReference; lastKnownFileType = sourcecode.swift; path = NetworkProvider.swift; sourceTree = "<group>"; };
		B4117C032B35F249006F4377 /* NetworkError.swift */ = {isa = PBXFileReference; lastKnownFileType = sourcecode.swift; path = NetworkError.swift; sourceTree = "<group>"; };
		B4117C052B35F292006F4377 /* BasicNetwork.swift */ = {isa = PBXFileReference; lastKnownFileType = sourcecode.swift; path = BasicNetwork.swift; sourceTree = "<group>"; };
		B4117C0B2B372CF0006F4377 /* Settings.swift */ = {isa = PBXFileReference; lastKnownFileType = sourcecode.swift; path = Settings.swift; sourceTree = "<group>"; };
		B4117C0E2B372E66006F4377 /* SettingsDatastore.swift */ = {isa = PBXFileReference; lastKnownFileType = sourcecode.swift; path = SettingsDatastore.swift; sourceTree = "<group>"; };
		B4117C102B372EE8006F4377 /* MainSettingsDatastore.swift */ = {isa = PBXFileReference; lastKnownFileType = sourcecode.swift; path = MainSettingsDatastore.swift; sourceTree = "<group>"; };
		B4117C132B372FF6006F4377 /* SettingsRepository.swift */ = {isa = PBXFileReference; lastKnownFileType = sourcecode.swift; path = SettingsRepository.swift; sourceTree = "<group>"; };
		B4117C152B37304E006F4377 /* MainSettingsRepository.swift */ = {isa = PBXFileReference; lastKnownFileType = sourcecode.swift; path = MainSettingsRepository.swift; sourceTree = "<group>"; };
		B4117C172B3730DF006F4377 /* SettingsDependencyContainer.swift */ = {isa = PBXFileReference; lastKnownFileType = sourcecode.swift; path = SettingsDependencyContainer.swift; sourceTree = "<group>"; };
		B4117C192B3731C8006F4377 /* AppDependencyContainer.swift */ = {isa = PBXFileReference; lastKnownFileType = sourcecode.swift; path = AppDependencyContainer.swift; sourceTree = "<group>"; };
		B4117C1E2B3732EE006F4377 /* WeatherSettingsProvider.swift */ = {isa = PBXFileReference; lastKnownFileType = sourcecode.swift; path = WeatherSettingsProvider.swift; sourceTree = "<group>"; };
		B4117C202B373699006F4377 /* WeatherSettings.swift */ = {isa = PBXFileReference; lastKnownFileType = sourcecode.swift; path = WeatherSettings.swift; sourceTree = "<group>"; };
		B4117C222B3737BA006F4377 /* WeatherDependencyContainer.swift */ = {isa = PBXFileReference; lastKnownFileType = sourcecode.swift; path = WeatherDependencyContainer.swift; sourceTree = "<group>"; };
		B4117C242B432784006F4377 /* WeatherConditions.swift */ = {isa = PBXFileReference; lastKnownFileType = sourcecode.swift; path = WeatherConditions.swift; sourceTree = "<group>"; };
		B4117C262B43300A006F4377 /* WeatherAPIKeyProvider.swift */ = {isa = PBXFileReference; lastKnownFileType = sourcecode.swift; path = WeatherAPIKeyProvider.swift; sourceTree = "<group>"; };
		B4117C282B4330EA006F4377 /* WeatherService.swift */ = {isa = PBXFileReference; lastKnownFileType = sourcecode.swift; path = WeatherService.swift; sourceTree = "<group>"; };
		B4117C2A2B43317E006F4377 /* WeatherError.swift */ = {isa = PBXFileReference; lastKnownFileType = sourcecode.swift; path = WeatherError.swift; sourceTree = "<group>"; };
		B4117C2C2B445F16006F4377 /* OpenWeatherMapService.swift */ = {isa = PBXFileReference; lastKnownFileType = sourcecode.swift; path = OpenWeatherMapService.swift; sourceTree = "<group>"; };
		B4117C2E2B4484BD006F4377 /* WeatherCacheDurationProvider.swift */ = {isa = PBXFileReference; lastKnownFileType = sourcecode.swift; path = WeatherCacheDurationProvider.swift; sourceTree = "<group>"; };
		B4117C322B448663006F4377 /* WeatherDatastore.swift */ = {isa = PBXFileReference; lastKnownFileType = sourcecode.swift; path = WeatherDatastore.swift; sourceTree = "<group>"; };
		B4117C342B4488EA006F4377 /* MainWeatherDatastore.swift */ = {isa = PBXFileReference; lastKnownFileType = sourcecode.swift; path = MainWeatherDatastore.swift; sourceTree = "<group>"; };
		B4117C362B448A51006F4377 /* WeatherRepository.swift */ = {isa = PBXFileReference; lastKnownFileType = sourcecode.swift; path = WeatherRepository.swift; sourceTree = "<group>"; };
		B4117C382B448C10006F4377 /* MainWeatherRepository.swift */ = {isa = PBXFileReference; lastKnownFileType = sourcecode.swift; path = MainWeatherRepository.swift; sourceTree = "<group>"; };
/* End PBXFileReference section */

/* Begin PBXFrameworksBuildPhase section */
		B4117BC12B34C7AD006F4377 /* Frameworks */ = {
			isa = PBXFrameworksBuildPhase;
			buildActionMask = 2147483647;
			files = (
			);
			runOnlyForDeploymentPostprocessing = 0;
		};
		B4117BD12B34C7AE006F4377 /* Frameworks */ = {
			isa = PBXFrameworksBuildPhase;
			buildActionMask = 2147483647;
			files = (
			);
			runOnlyForDeploymentPostprocessing = 0;
		};
		B4117BDB2B34C7AE006F4377 /* Frameworks */ = {
			isa = PBXFrameworksBuildPhase;
			buildActionMask = 2147483647;
			files = (
			);
			runOnlyForDeploymentPostprocessing = 0;
		};
/* End PBXFrameworksBuildPhase section */

/* Begin PBXGroup section */
		B4117BBB2B34C7AD006F4377 = {
			isa = PBXGroup;
			children = (
				B4117BC62B34C7AD006F4377 /* WeatherRadius */,
				B4117BD72B34C7AE006F4377 /* WeatherRadiusTests */,
				B4117BE12B34C7AE006F4377 /* WeatherRadiusUITests */,
				B4117BC52B34C7AD006F4377 /* Products */,
			);
			sourceTree = "<group>";
		};
		B4117BC52B34C7AD006F4377 /* Products */ = {
			isa = PBXGroup;
			children = (
				B4117BC42B34C7AD006F4377 /* WeatherRadius.app */,
				B4117BD42B34C7AE006F4377 /* WeatherRadiusTests.xctest */,
				B4117BDE2B34C7AE006F4377 /* WeatherRadiusUITests.xctest */,
			);
			name = Products;
			sourceTree = "<group>";
		};
		B4117BC62B34C7AD006F4377 /* WeatherRadius */ = {
			isa = PBXGroup;
			children = (
				B4117C192B3731C8006F4377 /* AppDependencyContainer.swift */,
				B4117BC72B34C7AD006F4377 /* WeatherRadiusApp.swift */,
				B4117BC92B34C7AD006F4377 /* ContentView.swift */,
				B4117BCB2B34C7AE006F4377 /* Assets.xcassets */,
				B4117BF82B35EC49006F4377 /* Core */,
				B4117C072B360298006F4377 /* Settings */,
				B4117BF12B34C7FB006F4377 /* Weather */,
				B4117BCD2B34C7AE006F4377 /* Preview Content */,
			);
			path = WeatherRadius;
			sourceTree = "<group>";
		};
		B4117BCD2B34C7AE006F4377 /* Preview Content */ = {
			isa = PBXGroup;
			children = (
				B4117BCE2B34C7AE006F4377 /* Preview Assets.xcassets */,
			);
			path = "Preview Content";
			sourceTree = "<group>";
		};
		B4117BD72B34C7AE006F4377 /* WeatherRadiusTests */ = {
			isa = PBXGroup;
			children = (
				B4117BD82B34C7AE006F4377 /* WeatherRadiusTests.swift */,
			);
			path = WeatherRadiusTests;
			sourceTree = "<group>";
		};
		B4117BE12B34C7AE006F4377 /* WeatherRadiusUITests */ = {
			isa = PBXGroup;
			children = (
				B4117BE22B34C7AE006F4377 /* WeatherRadiusUITests.swift */,
				B4117BE42B34C7AE006F4377 /* WeatherRadiusUITestsLaunchTests.swift */,
			);
			path = WeatherRadiusUITests;
			sourceTree = "<group>";
		};
		B4117BF12B34C7FB006F4377 /* Weather */ = {
			isa = PBXGroup;
			children = (
				B4117C1D2B3732C2006F4377 /* Repository */,
				B4117C1C2B3732BB006F4377 /* Service */,
				B4117C1B2B3732B5006F4377 /* Providers */,
				B4117BF72B35EC26006F4377 /* Datastore */,
				B4117BF22B34C82A006F4377 /* Models */,
				B4117C222B3737BA006F4377 /* WeatherDependencyContainer.swift */,
			);
			path = Weather;
			sourceTree = "<group>";
		};
		B4117BF22B34C82A006F4377 /* Models */ = {
			isa = PBXGroup;
			children = (
				B4117BF52B35E81D006F4377 /* Response.swift */,
				B4117C202B373699006F4377 /* WeatherSettings.swift */,
				B4117C242B432784006F4377 /* WeatherConditions.swift */,
				B4117C2A2B43317E006F4377 /* WeatherError.swift */,
			);
			path = Models;
			sourceTree = "<group>";
		};
		B4117BF72B35EC26006F4377 /* Datastore */ = {
			isa = PBXGroup;
			children = (
				B4117C322B448663006F4377 /* WeatherDatastore.swift */,
				B4117C342B4488EA006F4377 /* MainWeatherDatastore.swift */,
			);
			path = Datastore;
			sourceTree = "<group>";
		};
		B4117BF82B35EC49006F4377 /* Core */ = {
			isa = PBXGroup;
			children = (
				B4117C002B35F1DD006F4377 /* Network */,
				B4117BF92B35EC5D006F4377 /* Datastore */,
			);
			path = Core;
			sourceTree = "<group>";
		};
		B4117BF92B35EC5D006F4377 /* Datastore */ = {
			isa = PBXGroup;
			children = (
				B4117BFA2B35EC6C006F4377 /* Datastore.swift */,
				B4117BFC2B35EE1B006F4377 /* MemoryDatastore.swift */,
				B4117BFE2B35EEE2006F4377 /* FileDatastore.swift */,
			);
			path = Datastore;
			sourceTree = "<group>";
		};
		B4117C002B35F1DD006F4377 /* Network */ = {
			isa = PBXGroup;
			children = (
				B4117C012B35F1ED006F4377 /* NetworkProvider.swift */,
				B4117C032B35F249006F4377 /* NetworkError.swift */,
				B4117C052B35F292006F4377 /* BasicNetwork.swift */,
			);
			path = Network;
			sourceTree = "<group>";
		};
		B4117C072B360298006F4377 /* Settings */ = {
			isa = PBXGroup;
			children = (
				B4117C122B372FE7006F4377 /* Repository */,
				B4117C0D2B372E58006F4377 /* Datastore */,
				B4117C0A2B372CD6006F4377 /* Models */,
				B4117C172B3730DF006F4377 /* SettingsDependencyContainer.swift */,
			);
			path = Settings;
			sourceTree = "<group>";
		};
		B4117C0A2B372CD6006F4377 /* Models */ = {
			isa = PBXGroup;
			children = (
				B4117C0B2B372CF0006F4377 /* Settings.swift */,
			);
			path = Models;
			sourceTree = "<group>";
		};
		B4117C0D2B372E58006F4377 /* Datastore */ = {
			isa = PBXGroup;
			children = (
				B4117C0E2B372E66006F4377 /* SettingsDatastore.swift */,
				B4117C102B372EE8006F4377 /* MainSettingsDatastore.swift */,
			);
			path = Datastore;
			sourceTree = "<group>";
		};
		B4117C122B372FE7006F4377 /* Repository */ = {
			isa = PBXGroup;
			children = (
				B4117C132B372FF6006F4377 /* SettingsRepository.swift */,
				B4117C152B37304E006F4377 /* MainSettingsRepository.swift */,
			);
			path = Repository;
			sourceTree = "<group>";
		};
		B4117C1B2B3732B5006F4377 /* Providers */ = {
			isa = PBXGroup;
			children = (
				B4117C1E2B3732EE006F4377 /* WeatherSettingsProvider.swift */,
				B4117C262B43300A006F4377 /* WeatherAPIKeyProvider.swift */,
				B4117C2E2B4484BD006F4377 /* WeatherCacheDurationProvider.swift */,
			);
			path = Providers;
			sourceTree = "<group>";
		};
		B4117C1C2B3732BB006F4377 /* Service */ = {
			isa = PBXGroup;
			children = (
				B4117C282B4330EA006F4377 /* WeatherService.swift */,
				B4117C2C2B445F16006F4377 /* OpenWeatherMapService.swift */,
			);
			path = Service;
			sourceTree = "<group>";
		};
		B4117C1D2B3732C2006F4377 /* Repository */ = {
			isa = PBXGroup;
			children = (
				B4117C362B448A51006F4377 /* WeatherRepository.swift */,
				B4117C382B448C10006F4377 /* MainWeatherRepository.swift */,
			);
			path = Repository;
			sourceTree = "<group>";
		};
/* End PBXGroup section */

/* Begin PBXNativeTarget section */
		B4117BC32B34C7AD006F4377 /* WeatherRadius */ = {
			isa = PBXNativeTarget;
			buildConfigurationList = B4117BE82B34C7AE006F4377 /* Build configuration list for PBXNativeTarget "WeatherRadius" */;
			buildPhases = (
				B4117BC02B34C7AD006F4377 /* Sources */,
				B4117BC12B34C7AD006F4377 /* Frameworks */,
				B4117BC22B34C7AD006F4377 /* Resources */,
			);
			buildRules = (
			);
			dependencies = (
			);
			name = WeatherRadius;
			productName = WeatherRadius;
			productReference = B4117BC42B34C7AD006F4377 /* WeatherRadius.app */;
			productType = "com.apple.product-type.application";
		};
		B4117BD32B34C7AE006F4377 /* WeatherRadiusTests */ = {
			isa = PBXNativeTarget;
			buildConfigurationList = B4117BEB2B34C7AE006F4377 /* Build configuration list for PBXNativeTarget "WeatherRadiusTests" */;
			buildPhases = (
				B4117BD02B34C7AE006F4377 /* Sources */,
				B4117BD12B34C7AE006F4377 /* Frameworks */,
				B4117BD22B34C7AE006F4377 /* Resources */,
			);
			buildRules = (
			);
			dependencies = (
				B4117BD62B34C7AE006F4377 /* PBXTargetDependency */,
			);
			name = WeatherRadiusTests;
			productName = WeatherRadiusTests;
			productReference = B4117BD42B34C7AE006F4377 /* WeatherRadiusTests.xctest */;
			productType = "com.apple.product-type.bundle.unit-test";
		};
		B4117BDD2B34C7AE006F4377 /* WeatherRadiusUITests */ = {
			isa = PBXNativeTarget;
			buildConfigurationList = B4117BEE2B34C7AE006F4377 /* Build configuration list for PBXNativeTarget "WeatherRadiusUITests" */;
			buildPhases = (
				B4117BDA2B34C7AE006F4377 /* Sources */,
				B4117BDB2B34C7AE006F4377 /* Frameworks */,
				B4117BDC2B34C7AE006F4377 /* Resources */,
			);
			buildRules = (
			);
			dependencies = (
				B4117BE02B34C7AE006F4377 /* PBXTargetDependency */,
			);
			name = WeatherRadiusUITests;
			productName = WeatherRadiusUITests;
			productReference = B4117BDE2B34C7AE006F4377 /* WeatherRadiusUITests.xctest */;
			productType = "com.apple.product-type.bundle.ui-testing";
		};
/* End PBXNativeTarget section */

/* Begin PBXProject section */
		B4117BBC2B34C7AD006F4377 /* Project object */ = {
			isa = PBXProject;
			attributes = {
				BuildIndependentTargetsInParallel = 1;
				LastSwiftUpdateCheck = 1500;
				LastUpgradeCheck = 1500;
				TargetAttributes = {
					B4117BC32B34C7AD006F4377 = {
						CreatedOnToolsVersion = 15.0;
					};
					B4117BD32B34C7AE006F4377 = {
						CreatedOnToolsVersion = 15.0;
						TestTargetID = B4117BC32B34C7AD006F4377;
					};
					B4117BDD2B34C7AE006F4377 = {
						CreatedOnToolsVersion = 15.0;
						TestTargetID = B4117BC32B34C7AD006F4377;
					};
				};
			};
			buildConfigurationList = B4117BBF2B34C7AD006F4377 /* Build configuration list for PBXProject "WeatherRadius" */;
			compatibilityVersion = "Xcode 14.0";
			developmentRegion = en;
			hasScannedForEncodings = 0;
			knownRegions = (
				en,
				Base,
			);
			mainGroup = B4117BBB2B34C7AD006F4377;
			productRefGroup = B4117BC52B34C7AD006F4377 /* Products */;
			projectDirPath = "";
			projectRoot = "";
			targets = (
				B4117BC32B34C7AD006F4377 /* WeatherRadius */,
				B4117BD32B34C7AE006F4377 /* WeatherRadiusTests */,
				B4117BDD2B34C7AE006F4377 /* WeatherRadiusUITests */,
			);
		};
/* End PBXProject section */

/* Begin PBXResourcesBuildPhase section */
		B4117BC22B34C7AD006F4377 /* Resources */ = {
			isa = PBXResourcesBuildPhase;
			buildActionMask = 2147483647;
			files = (
				B4117BCF2B34C7AE006F4377 /* Preview Assets.xcassets in Resources */,
				B4117BCC2B34C7AE006F4377 /* Assets.xcassets in Resources */,
			);
			runOnlyForDeploymentPostprocessing = 0;
		};
		B4117BD22B34C7AE006F4377 /* Resources */ = {
			isa = PBXResourcesBuildPhase;
			buildActionMask = 2147483647;
			files = (
			);
			runOnlyForDeploymentPostprocessing = 0;
		};
		B4117BDC2B34C7AE006F4377 /* Resources */ = {
			isa = PBXResourcesBuildPhase;
			buildActionMask = 2147483647;
			files = (
			);
			runOnlyForDeploymentPostprocessing = 0;
		};
/* End PBXResourcesBuildPhase section */

/* Begin PBXSourcesBuildPhase section */
		B4117BC02B34C7AD006F4377 /* Sources */ = {
			isa = PBXSourcesBuildPhase;
			buildActionMask = 2147483647;
			files = (
				B4117C332B448663006F4377 /* WeatherDatastore.swift in Sources */,
				B4117BFF2B35EEE2006F4377 /* FileDatastore.swift in Sources */,
				B4117C1A2B3731C8006F4377 /* AppDependencyContainer.swift in Sources */,
				B4117C292B4330EA006F4377 /* WeatherService.swift in Sources */,
				B4117C232B3737BA006F4377 /* WeatherDependencyContainer.swift in Sources */,
				B4117C392B448C10006F4377 /* MainWeatherRepository.swift in Sources */,
				B4117C2B2B43317E006F4377 /* WeatherError.swift in Sources */,
				B4117BFD2B35EE1B006F4377 /* MemoryDatastore.swift in Sources */,
				B4117BF62B35E81D006F4377 /* Response.swift in Sources */,
				B4117C2D2B445F16006F4377 /* OpenWeatherMapService.swift in Sources */,
				B4117C212B373699006F4377 /* WeatherSettings.swift in Sources */,
				B4117C112B372EE8006F4377 /* MainSettingsDatastore.swift in Sources */,
				B4117C2F2B4484BD006F4377 /* WeatherCacheDurationProvider.swift in Sources */,
				B4117BCA2B34C7AD006F4377 /* ContentView.swift in Sources */,
				B4117C252B432784006F4377 /* WeatherConditions.swift in Sources */,
				B4117C372B448A51006F4377 /* WeatherRepository.swift in Sources */,
				B4117BC82B34C7AD006F4377 /* WeatherRadiusApp.swift in Sources */,
				B4117C352B4488EA006F4377 /* MainWeatherDatastore.swift in Sources */,
				B4117C142B372FF6006F4377 /* SettingsRepository.swift in Sources */,
				B4117C272B43300A006F4377 /* WeatherAPIKeyProvider.swift in Sources */,
				B4117C062B35F292006F4377 /* BasicNetwork.swift in Sources */,
				B4117C022B35F1ED006F4377 /* NetworkProvider.swift in Sources */,
				B4117C042B35F249006F4377 /* NetworkError.swift in Sources */,
				B4117BFB2B35EC6C006F4377 /* Datastore.swift in Sources */,
				B4117C1F2B3732EE006F4377 /* WeatherSettingsProvider.swift in Sources */,
				B4117C162B37304E006F4377 /* MainSettingsRepository.swift in Sources */,
				B4117C0C2B372CF0006F4377 /* Settings.swift in Sources */,
				B4117C182B3730DF006F4377 /* SettingsDependencyContainer.swift in Sources */,
				B4117C0F2B372E66006F4377 /* SettingsDatastore.swift in Sources */,
			);
			runOnlyForDeploymentPostprocessing = 0;
		};
		B4117BD02B34C7AE006F4377 /* Sources */ = {
			isa = PBXSourcesBuildPhase;
			buildActionMask = 2147483647;
			files = (
				B4117BD92B34C7AE006F4377 /* WeatherRadiusTests.swift in Sources */,
			);
			runOnlyForDeploymentPostprocessing = 0;
		};
		B4117BDA2B34C7AE006F4377 /* Sources */ = {
			isa = PBXSourcesBuildPhase;
			buildActionMask = 2147483647;
			files = (
				B4117BE32B34C7AE006F4377 /* WeatherRadiusUITests.swift in Sources */,
				B4117BE52B34C7AE006F4377 /* WeatherRadiusUITestsLaunchTests.swift in Sources */,
			);
			runOnlyForDeploymentPostprocessing = 0;
		};
/* End PBXSourcesBuildPhase section */

/* Begin PBXTargetDependency section */
		B4117BD62B34C7AE006F4377 /* PBXTargetDependency */ = {
			isa = PBXTargetDependency;
			target = B4117BC32B34C7AD006F4377 /* WeatherRadius */;
			targetProxy = B4117BD52B34C7AE006F4377 /* PBXContainerItemProxy */;
		};
		B4117BE02B34C7AE006F4377 /* PBXTargetDependency */ = {
			isa = PBXTargetDependency;
			target = B4117BC32B34C7AD006F4377 /* WeatherRadius */;
			targetProxy = B4117BDF2B34C7AE006F4377 /* PBXContainerItemProxy */;
		};
/* End PBXTargetDependency section */

/* Begin XCBuildConfiguration section */
		B4117BE62B34C7AE006F4377 /* Debug */ = {
			isa = XCBuildConfiguration;
			buildSettings = {
				ALWAYS_SEARCH_USER_PATHS = NO;
				ASSETCATALOG_COMPILER_GENERATE_SWIFT_ASSET_SYMBOL_EXTENSIONS = YES;
				CLANG_ANALYZER_NONNULL = YES;
				CLANG_ANALYZER_NUMBER_OBJECT_CONVERSION = YES_AGGRESSIVE;
				CLANG_CXX_LANGUAGE_STANDARD = "gnu++20";
				CLANG_ENABLE_MODULES = YES;
				CLANG_ENABLE_OBJC_ARC = YES;
				CLANG_ENABLE_OBJC_WEAK = YES;
				CLANG_WARN_BLOCK_CAPTURE_AUTORELEASING = YES;
				CLANG_WARN_BOOL_CONVERSION = YES;
				CLANG_WARN_COMMA = YES;
				CLANG_WARN_CONSTANT_CONVERSION = YES;
				CLANG_WARN_DEPRECATED_OBJC_IMPLEMENTATIONS = YES;
				CLANG_WARN_DIRECT_OBJC_ISA_USAGE = YES_ERROR;
				CLANG_WARN_DOCUMENTATION_COMMENTS = YES;
				CLANG_WARN_EMPTY_BODY = YES;
				CLANG_WARN_ENUM_CONVERSION = YES;
				CLANG_WARN_INFINITE_RECURSION = YES;
				CLANG_WARN_INT_CONVERSION = YES;
				CLANG_WARN_NON_LITERAL_NULL_CONVERSION = YES;
				CLANG_WARN_OBJC_IMPLICIT_RETAIN_SELF = YES;
				CLANG_WARN_OBJC_LITERAL_CONVERSION = YES;
				CLANG_WARN_OBJC_ROOT_CLASS = YES_ERROR;
				CLANG_WARN_QUOTED_INCLUDE_IN_FRAMEWORK_HEADER = YES;
				CLANG_WARN_RANGE_LOOP_ANALYSIS = YES;
				CLANG_WARN_STRICT_PROTOTYPES = YES;
				CLANG_WARN_SUSPICIOUS_MOVE = YES;
				CLANG_WARN_UNGUARDED_AVAILABILITY = YES_AGGRESSIVE;
				CLANG_WARN_UNREACHABLE_CODE = YES;
				CLANG_WARN__DUPLICATE_METHOD_MATCH = YES;
				COPY_PHASE_STRIP = NO;
				DEBUG_INFORMATION_FORMAT = dwarf;
				ENABLE_STRICT_OBJC_MSGSEND = YES;
				ENABLE_TESTABILITY = YES;
				ENABLE_USER_SCRIPT_SANDBOXING = YES;
				GCC_C_LANGUAGE_STANDARD = gnu17;
				GCC_DYNAMIC_NO_PIC = NO;
				GCC_NO_COMMON_BLOCKS = YES;
				GCC_OPTIMIZATION_LEVEL = 0;
				GCC_PREPROCESSOR_DEFINITIONS = (
					"DEBUG=1",
					"$(inherited)",
				);
				GCC_WARN_64_TO_32_BIT_CONVERSION = YES;
				GCC_WARN_ABOUT_RETURN_TYPE = YES_ERROR;
				GCC_WARN_UNDECLARED_SELECTOR = YES;
				GCC_WARN_UNINITIALIZED_AUTOS = YES_AGGRESSIVE;
				GCC_WARN_UNUSED_FUNCTION = YES;
				GCC_WARN_UNUSED_VARIABLE = YES;
				IPHONEOS_DEPLOYMENT_TARGET = 17.0;
				LOCALIZATION_PREFERS_STRING_CATALOGS = YES;
				MTL_ENABLE_DEBUG_INFO = INCLUDE_SOURCE;
				MTL_FAST_MATH = YES;
				ONLY_ACTIVE_ARCH = YES;
				SDKROOT = iphoneos;
				SWIFT_ACTIVE_COMPILATION_CONDITIONS = "DEBUG $(inherited)";
				SWIFT_OPTIMIZATION_LEVEL = "-Onone";
			};
			name = Debug;
		};
		B4117BE72B34C7AE006F4377 /* Release */ = {
			isa = XCBuildConfiguration;
			buildSettings = {
				ALWAYS_SEARCH_USER_PATHS = NO;
				ASSETCATALOG_COMPILER_GENERATE_SWIFT_ASSET_SYMBOL_EXTENSIONS = YES;
				CLANG_ANALYZER_NONNULL = YES;
				CLANG_ANALYZER_NUMBER_OBJECT_CONVERSION = YES_AGGRESSIVE;
				CLANG_CXX_LANGUAGE_STANDARD = "gnu++20";
				CLANG_ENABLE_MODULES = YES;
				CLANG_ENABLE_OBJC_ARC = YES;
				CLANG_ENABLE_OBJC_WEAK = YES;
				CLANG_WARN_BLOCK_CAPTURE_AUTORELEASING = YES;
				CLANG_WARN_BOOL_CONVERSION = YES;
				CLANG_WARN_COMMA = YES;
				CLANG_WARN_CONSTANT_CONVERSION = YES;
				CLANG_WARN_DEPRECATED_OBJC_IMPLEMENTATIONS = YES;
				CLANG_WARN_DIRECT_OBJC_ISA_USAGE = YES_ERROR;
				CLANG_WARN_DOCUMENTATION_COMMENTS = YES;
				CLANG_WARN_EMPTY_BODY = YES;
				CLANG_WARN_ENUM_CONVERSION = YES;
				CLANG_WARN_INFINITE_RECURSION = YES;
				CLANG_WARN_INT_CONVERSION = YES;
				CLANG_WARN_NON_LITERAL_NULL_CONVERSION = YES;
				CLANG_WARN_OBJC_IMPLICIT_RETAIN_SELF = YES;
				CLANG_WARN_OBJC_LITERAL_CONVERSION = YES;
				CLANG_WARN_OBJC_ROOT_CLASS = YES_ERROR;
				CLANG_WARN_QUOTED_INCLUDE_IN_FRAMEWORK_HEADER = YES;
				CLANG_WARN_RANGE_LOOP_ANALYSIS = YES;
				CLANG_WARN_STRICT_PROTOTYPES = YES;
				CLANG_WARN_SUSPICIOUS_MOVE = YES;
				CLANG_WARN_UNGUARDED_AVAILABILITY = YES_AGGRESSIVE;
				CLANG_WARN_UNREACHABLE_CODE = YES;
				CLANG_WARN__DUPLICATE_METHOD_MATCH = YES;
				COPY_PHASE_STRIP = NO;
				DEBUG_INFORMATION_FORMAT = "dwarf-with-dsym";
				ENABLE_NS_ASSERTIONS = NO;
				ENABLE_STRICT_OBJC_MSGSEND = YES;
				ENABLE_USER_SCRIPT_SANDBOXING = YES;
				GCC_C_LANGUAGE_STANDARD = gnu17;
				GCC_NO_COMMON_BLOCKS = YES;
				GCC_WARN_64_TO_32_BIT_CONVERSION = YES;
				GCC_WARN_ABOUT_RETURN_TYPE = YES_ERROR;
				GCC_WARN_UNDECLARED_SELECTOR = YES;
				GCC_WARN_UNINITIALIZED_AUTOS = YES_AGGRESSIVE;
				GCC_WARN_UNUSED_FUNCTION = YES;
				GCC_WARN_UNUSED_VARIABLE = YES;
				IPHONEOS_DEPLOYMENT_TARGET = 17.0;
				LOCALIZATION_PREFERS_STRING_CATALOGS = YES;
				MTL_ENABLE_DEBUG_INFO = NO;
				MTL_FAST_MATH = YES;
				SDKROOT = iphoneos;
				SWIFT_COMPILATION_MODE = wholemodule;
				VALIDATE_PRODUCT = YES;
			};
			name = Release;
		};
		B4117BE92B34C7AE006F4377 /* Debug */ = {
			isa = XCBuildConfiguration;
			buildSettings = {
				ASSETCATALOG_COMPILER_APPICON_NAME = AppIcon;
				ASSETCATALOG_COMPILER_GLOBAL_ACCENT_COLOR_NAME = AccentColor;
				CODE_SIGN_STYLE = Automatic;
				CURRENT_PROJECT_VERSION = 1;
				DEVELOPMENT_ASSET_PATHS = "\"WeatherRadius/Preview Content\"";
				DEVELOPMENT_TEAM = 7W4CUDEMGU;
				ENABLE_PREVIEWS = YES;
				GENERATE_INFOPLIST_FILE = YES;
				INFOPLIST_KEY_UIApplicationSceneManifest_Generation = YES;
				INFOPLIST_KEY_UIApplicationSupportsIndirectInputEvents = YES;
				INFOPLIST_KEY_UILaunchScreen_Generation = YES;
				INFOPLIST_KEY_UISupportedInterfaceOrientations_iPad = "UIInterfaceOrientationPortrait UIInterfaceOrientationPortraitUpsideDown UIInterfaceOrientationLandscapeLeft UIInterfaceOrientationLandscapeRight";
				INFOPLIST_KEY_UISupportedInterfaceOrientations_iPhone = "UIInterfaceOrientationPortrait UIInterfaceOrientationLandscapeLeft UIInterfaceOrientationLandscapeRight";
				LD_RUNPATH_SEARCH_PATHS = (
					"$(inherited)",
					"@executable_path/Frameworks",
				);
				MARKETING_VERSION = 1.0;
				PRODUCT_BUNDLE_IDENTIFIER = com.rampantcorgi.WeatherRadius;
				PRODUCT_NAME = "$(TARGET_NAME)";
				SWIFT_EMIT_LOC_STRINGS = YES;
				SWIFT_VERSION = 5.0;
				TARGETED_DEVICE_FAMILY = "1,2";
			};
			name = Debug;
		};
		B4117BEA2B34C7AE006F4377 /* Release */ = {
			isa = XCBuildConfiguration;
			buildSettings = {
				ASSETCATALOG_COMPILER_APPICON_NAME = AppIcon;
				ASSETCATALOG_COMPILER_GLOBAL_ACCENT_COLOR_NAME = AccentColor;
				CODE_SIGN_STYLE = Automatic;
				CURRENT_PROJECT_VERSION = 1;
				DEVELOPMENT_ASSET_PATHS = "\"WeatherRadius/Preview Content\"";
				DEVELOPMENT_TEAM = 7W4CUDEMGU;
				ENABLE_PREVIEWS = YES;
				GENERATE_INFOPLIST_FILE = YES;
				INFOPLIST_KEY_UIApplicationSceneManifest_Generation = YES;
				INFOPLIST_KEY_UIApplicationSupportsIndirectInputEvents = YES;
				INFOPLIST_KEY_UILaunchScreen_Generation = YES;
				INFOPLIST_KEY_UISupportedInterfaceOrientations_iPad = "UIInterfaceOrientationPortrait UIInterfaceOrientationPortraitUpsideDown UIInterfaceOrientationLandscapeLeft UIInterfaceOrientationLandscapeRight";
				INFOPLIST_KEY_UISupportedInterfaceOrientations_iPhone = "UIInterfaceOrientationPortrait UIInterfaceOrientationLandscapeLeft UIInterfaceOrientationLandscapeRight";
				LD_RUNPATH_SEARCH_PATHS = (
					"$(inherited)",
					"@executable_path/Frameworks",
				);
				MARKETING_VERSION = 1.0;
				PRODUCT_BUNDLE_IDENTIFIER = com.rampantcorgi.WeatherRadius;
				PRODUCT_NAME = "$(TARGET_NAME)";
				SWIFT_EMIT_LOC_STRINGS = YES;
				SWIFT_VERSION = 5.0;
				TARGETED_DEVICE_FAMILY = "1,2";
			};
			name = Release;
		};
		B4117BEC2B34C7AE006F4377 /* Debug */ = {
			isa = XCBuildConfiguration;
			buildSettings = {
				ALWAYS_EMBED_SWIFT_STANDARD_LIBRARIES = YES;
				BUNDLE_LOADER = "$(TEST_HOST)";
				CODE_SIGN_STYLE = Automatic;
				CURRENT_PROJECT_VERSION = 1;
				DEVELOPMENT_TEAM = 7W4CUDEMGU;
				GENERATE_INFOPLIST_FILE = YES;
				IPHONEOS_DEPLOYMENT_TARGET = 17.0;
				MARKETING_VERSION = 1.0;
				PRODUCT_BUNDLE_IDENTIFIER = com.rampantcorgi.WeatherRadiusTests;
				PRODUCT_NAME = "$(TARGET_NAME)";
				SWIFT_EMIT_LOC_STRINGS = NO;
				SWIFT_VERSION = 5.0;
				TARGETED_DEVICE_FAMILY = "1,2";
				TEST_HOST = "$(BUILT_PRODUCTS_DIR)/WeatherRadius.app/$(BUNDLE_EXECUTABLE_FOLDER_PATH)/WeatherRadius";
			};
			name = Debug;
		};
		B4117BED2B34C7AE006F4377 /* Release */ = {
			isa = XCBuildConfiguration;
			buildSettings = {
				ALWAYS_EMBED_SWIFT_STANDARD_LIBRARIES = YES;
				BUNDLE_LOADER = "$(TEST_HOST)";
				CODE_SIGN_STYLE = Automatic;
				CURRENT_PROJECT_VERSION = 1;
				DEVELOPMENT_TEAM = 7W4CUDEMGU;
				GENERATE_INFOPLIST_FILE = YES;
				IPHONEOS_DEPLOYMENT_TARGET = 17.0;
				MARKETING_VERSION = 1.0;
				PRODUCT_BUNDLE_IDENTIFIER = com.rampantcorgi.WeatherRadiusTests;
				PRODUCT_NAME = "$(TARGET_NAME)";
				SWIFT_EMIT_LOC_STRINGS = NO;
				SWIFT_VERSION = 5.0;
				TARGETED_DEVICE_FAMILY = "1,2";
				TEST_HOST = "$(BUILT_PRODUCTS_DIR)/WeatherRadius.app/$(BUNDLE_EXECUTABLE_FOLDER_PATH)/WeatherRadius";
			};
			name = Release;
		};
		B4117BEF2B34C7AE006F4377 /* Debug */ = {
			isa = XCBuildConfiguration;
			buildSettings = {
				ALWAYS_EMBED_SWIFT_STANDARD_LIBRARIES = YES;
				CODE_SIGN_STYLE = Automatic;
				CURRENT_PROJECT_VERSION = 1;
				DEVELOPMENT_TEAM = 7W4CUDEMGU;
				GENERATE_INFOPLIST_FILE = YES;
				MARKETING_VERSION = 1.0;
				PRODUCT_BUNDLE_IDENTIFIER = com.rampantcorgi.WeatherRadiusUITests;
				PRODUCT_NAME = "$(TARGET_NAME)";
				SWIFT_EMIT_LOC_STRINGS = NO;
				SWIFT_VERSION = 5.0;
				TARGETED_DEVICE_FAMILY = "1,2";
				TEST_TARGET_NAME = WeatherRadius;
			};
			name = Debug;
		};
		B4117BF02B34C7AE006F4377 /* Release */ = {
			isa = XCBuildConfiguration;
			buildSettings = {
				ALWAYS_EMBED_SWIFT_STANDARD_LIBRARIES = YES;
				CODE_SIGN_STYLE = Automatic;
				CURRENT_PROJECT_VERSION = 1;
				DEVELOPMENT_TEAM = 7W4CUDEMGU;
				GENERATE_INFOPLIST_FILE = YES;
				MARKETING_VERSION = 1.0;
				PRODUCT_BUNDLE_IDENTIFIER = com.rampantcorgi.WeatherRadiusUITests;
				PRODUCT_NAME = "$(TARGET_NAME)";
				SWIFT_EMIT_LOC_STRINGS = NO;
				SWIFT_VERSION = 5.0;
				TARGETED_DEVICE_FAMILY = "1,2";
				TEST_TARGET_NAME = WeatherRadius;
			};
			name = Release;
		};
/* End XCBuildConfiguration section */

/* Begin XCConfigurationList section */
		B4117BBF2B34C7AD006F4377 /* Build configuration list for PBXProject "WeatherRadius" */ = {
			isa = XCConfigurationList;
			buildConfigurations = (
				B4117BE62B34C7AE006F4377 /* Debug */,
				B4117BE72B34C7AE006F4377 /* Release */,
			);
			defaultConfigurationIsVisible = 0;
			defaultConfigurationName = Release;
		};
		B4117BE82B34C7AE006F4377 /* Build configuration list for PBXNativeTarget "WeatherRadius" */ = {
			isa = XCConfigurationList;
			buildConfigurations = (
				B4117BE92B34C7AE006F4377 /* Debug */,
				B4117BEA2B34C7AE006F4377 /* Release */,
			);
			defaultConfigurationIsVisible = 0;
			defaultConfigurationName = Release;
		};
		B4117BEB2B34C7AE006F4377 /* Build configuration list for PBXNativeTarget "WeatherRadiusTests" */ = {
			isa = XCConfigurationList;
			buildConfigurations = (
				B4117BEC2B34C7AE006F4377 /* Debug */,
				B4117BED2B34C7AE006F4377 /* Release */,
			);
			defaultConfigurationIsVisible = 0;
			defaultConfigurationName = Release;
		};
		B4117BEE2B34C7AE006F4377 /* Build configuration list for PBXNativeTarget "WeatherRadiusUITests" */ = {
			isa = XCConfigurationList;
			buildConfigurations = (
				B4117BEF2B34C7AE006F4377 /* Debug */,
				B4117BF02B34C7AE006F4377 /* Release */,
			);
			defaultConfigurationIsVisible = 0;
			defaultConfigurationName = Release;
		};
/* End XCConfigurationList section */
	};
	rootObject = B4117BBC2B34C7AD006F4377 /* Project object */;
}
